// !$*UTF8*$!
{
	archiveVersion = 1;
	classes = {
	};
	objectVersion = 56;
	objects = {

/* Begin PBXBuildFile section */
		AB013B6B2A7CFE5B00F5EB38 /* AppDelegate.swift in Sources */ = {isa = PBXBuildFile; fileRef = AB013B6A2A7CFE5B00F5EB38 /* AppDelegate.swift */; };
		AB013B6D2A7CFE5B00F5EB38 /* SceneDelegate.swift in Sources */ = {isa = PBXBuildFile; fileRef = AB013B6C2A7CFE5B00F5EB38 /* SceneDelegate.swift */; };
		AB013B6F2A7CFE5B00F5EB38 /* HomeViewController.swift in Sources */ = {isa = PBXBuildFile; fileRef = AB013B6E2A7CFE5B00F5EB38 /* HomeViewController.swift */; };
		AB013B722A7CFE5B00F5EB38 /* Main.storyboard in Resources */ = {isa = PBXBuildFile; fileRef = AB013B702A7CFE5B00F5EB38 /* Main.storyboard */; };
		AB013B742A7CFE5C00F5EB38 /* Assets.xcassets in Resources */ = {isa = PBXBuildFile; fileRef = AB013B732A7CFE5C00F5EB38 /* Assets.xcassets */; };
		AB013B772A7CFE5C00F5EB38 /* LaunchScreen.storyboard in Resources */ = {isa = PBXBuildFile; fileRef = AB013B752A7CFE5C00F5EB38 /* LaunchScreen.storyboard */; };
		AB5473182A7D029200068E7F /* NotificationViewController.swift in Sources */ = {isa = PBXBuildFile; fileRef = AB5473172A7D029200068E7F /* NotificationViewController.swift */; };
		AB8CAEC32A7D3C1000C9CCF8 /* GalleryViewController.swift in Sources */ = {isa = PBXBuildFile; fileRef = AB8CAEC22A7D3C1000C9CCF8 /* GalleryViewController.swift */; };
		AB8CAEC52A7D3D7B00C9CCF8 /* CameraViewController.swift in Sources */ = {isa = PBXBuildFile; fileRef = AB8CAEC42A7D3D7B00C9CCF8 /* CameraViewController.swift */; };
		AB8CAEC72A7D3E3600C9CCF8 /* FileViewController.swift in Sources */ = {isa = PBXBuildFile; fileRef = AB8CAEC62A7D3E3600C9CCF8 /* FileViewController.swift */; };
		AB8CAEC92A7D3EDD00C9CCF8 /* LocationViewController.swift in Sources */ = {isa = PBXBuildFile; fileRef = AB8CAEC82A7D3EDD00C9CCF8 /* LocationViewController.swift */; };
		AB8CAECB2A7D3FAA00C9CCF8 /* RecordViewController.swift in Sources */ = {isa = PBXBuildFile; fileRef = AB8CAECA2A7D3FAA00C9CCF8 /* RecordViewController.swift */; };
		ABB3643E2A7F1D86001F4AA2 /* NotificationHelper.swift in Sources */ = {isa = PBXBuildFile; fileRef = ABB3643D2A7F1D86001F4AA2 /* NotificationHelper.swift */; };
/* End PBXBuildFile section */

/* Begin PBXFileReference section */
		AB013B672A7CFE5B00F5EB38 /* Picker Permission.app */ = {isa = PBXFileReference; explicitFileType = wrapper.application; includeInIndex = 0; path = "Picker Permission.app"; sourceTree = BUILT_PRODUCTS_DIR; };
		AB013B6A2A7CFE5B00F5EB38 /* AppDelegate.swift */ = {isa = PBXFileReference; lastKnownFileType = sourcecode.swift; path = AppDelegate.swift; sourceTree = "<group>"; };
		AB013B6C2A7CFE5B00F5EB38 /* SceneDelegate.swift */ = {isa = PBXFileReference; lastKnownFileType = sourcecode.swift; path = SceneDelegate.swift; sourceTree = "<group>"; };
		AB013B6E2A7CFE5B00F5EB38 /* HomeViewController.swift */ = {isa = PBXFileReference; lastKnownFileType = sourcecode.swift; path = HomeViewController.swift; sourceTree = "<group>"; };
		AB013B712A7CFE5B00F5EB38 /* Base */ = {isa = PBXFileReference; lastKnownFileType = file.storyboard; name = Base; path = Base.lproj/Main.storyboard; sourceTree = "<group>"; };
		AB013B732A7CFE5C00F5EB38 /* Assets.xcassets */ = {isa = PBXFileReference; lastKnownFileType = folder.assetcatalog; path = Assets.xcassets; sourceTree = "<group>"; };
		AB013B762A7CFE5C00F5EB38 /* Base */ = {isa = PBXFileReference; lastKnownFileType = file.storyboard; name = Base; path = Base.lproj/LaunchScreen.storyboard; sourceTree = "<group>"; };
		AB013B782A7CFE5C00F5EB38 /* Info.plist */ = {isa = PBXFileReference; lastKnownFileType = text.plist.xml; path = Info.plist; sourceTree = "<group>"; };
		AB5473172A7D029200068E7F /* NotificationViewController.swift */ = {isa = PBXFileReference; lastKnownFileType = sourcecode.swift; path = NotificationViewController.swift; sourceTree = "<group>"; };
		AB8CAEC22A7D3C1000C9CCF8 /* GalleryViewController.swift */ = {isa = PBXFileReference; lastKnownFileType = sourcecode.swift; path = GalleryViewController.swift; sourceTree = "<group>"; };
		AB8CAEC42A7D3D7B00C9CCF8 /* CameraViewController.swift */ = {isa = PBXFileReference; lastKnownFileType = sourcecode.swift; path = CameraViewController.swift; sourceTree = "<group>"; };
		AB8CAEC62A7D3E3600C9CCF8 /* FileViewController.swift */ = {isa = PBXFileReference; lastKnownFileType = sourcecode.swift; path = FileViewController.swift; sourceTree = "<group>"; };
		AB8CAEC82A7D3EDD00C9CCF8 /* LocationViewController.swift */ = {isa = PBXFileReference; lastKnownFileType = sourcecode.swift; path = LocationViewController.swift; sourceTree = "<group>"; };
		AB8CAECA2A7D3FAA00C9CCF8 /* RecordViewController.swift */ = {isa = PBXFileReference; lastKnownFileType = sourcecode.swift; path = RecordViewController.swift; sourceTree = "<group>"; };
		ABB3643D2A7F1D86001F4AA2 /* NotificationHelper.swift */ = {isa = PBXFileReference; lastKnownFileType = sourcecode.swift; path = NotificationHelper.swift; sourceTree = "<group>"; };
/* End PBXFileReference section */

/* Begin PBXFrameworksBuildPhase section */
		AB013B642A7CFE5B00F5EB38 /* Frameworks */ = {
			isa = PBXFrameworksBuildPhase;
			buildActionMask = 2147483647;
			files = (
			);
			runOnlyForDeploymentPostprocessing = 0;
		};
/* End PBXFrameworksBuildPhase section */

/* Begin PBXGroup section */
		AB013B5E2A7CFE5B00F5EB38 = {
			isa = PBXGroup;
			children = (
				AB013B692A7CFE5B00F5EB38 /* Picker Permission */,
				AB013B682A7CFE5B00F5EB38 /* Products */,
			);
			sourceTree = "<group>";
		};
		AB013B682A7CFE5B00F5EB38 /* Products */ = {
			isa = PBXGroup;
			children = (
				AB013B672A7CFE5B00F5EB38 /* Picker Permission.app */,
			);
			name = Products;
			sourceTree = "<group>";
		};
		AB013B692A7CFE5B00F5EB38 /* Picker Permission */ = {
			isa = PBXGroup;
			children = (
				ABB3643C2A7F1D5E001F4AA2 /* Utils */,
				AB013B6A2A7CFE5B00F5EB38 /* AppDelegate.swift */,
				AB013B6C2A7CFE5B00F5EB38 /* SceneDelegate.swift */,
				AB013B6E2A7CFE5B00F5EB38 /* HomeViewController.swift */,
				AB013B702A7CFE5B00F5EB38 /* Main.storyboard */,
				AB013B732A7CFE5C00F5EB38 /* Assets.xcassets */,
				AB013B752A7CFE5C00F5EB38 /* LaunchScreen.storyboard */,
				AB013B782A7CFE5C00F5EB38 /* Info.plist */,
				AB5473172A7D029200068E7F /* NotificationViewController.swift */,
				AB8CAEC22A7D3C1000C9CCF8 /* GalleryViewController.swift */,
				AB8CAEC42A7D3D7B00C9CCF8 /* CameraViewController.swift */,
				AB8CAEC62A7D3E3600C9CCF8 /* FileViewController.swift */,
				AB8CAEC82A7D3EDD00C9CCF8 /* LocationViewController.swift */,
				AB8CAECA2A7D3FAA00C9CCF8 /* RecordViewController.swift */,
			);
			path = "Picker Permission";
			sourceTree = "<group>";
		};
		ABB3643C2A7F1D5E001F4AA2 /* Utils */ = {
			isa = PBXGroup;
			children = (
				ABB3643D2A7F1D86001F4AA2 /* NotificationHelper.swift */,
			);
			path = Utils;
			sourceTree = "<group>";
		};
/* End PBXGroup section */

/* Begin PBXNativeTarget section */
		AB013B662A7CFE5B00F5EB38 /* Picker Permission */ = {
			isa = PBXNativeTarget;
			buildConfigurationList = AB013B7B2A7CFE5C00F5EB38 /* Build configuration list for PBXNativeTarget "Picker Permission" */;
			buildPhases = (
				AB013B632A7CFE5B00F5EB38 /* Sources */,
				AB013B642A7CFE5B00F5EB38 /* Frameworks */,
				AB013B652A7CFE5B00F5EB38 /* Resources */,
			);
			buildRules = (
			);
			dependencies = (
			);
			name = "Picker Permission";
			productName = "Picker Permission";
			productReference = AB013B672A7CFE5B00F5EB38 /* Picker Permission.app */;
			productType = "com.apple.product-type.application";
		};
/* End PBXNativeTarget section */

/* Begin PBXProject section */
		AB013B5F2A7CFE5B00F5EB38 /* Project object */ = {
			isa = PBXProject;
			attributes = {
				BuildIndependentTargetsInParallel = 1;
				LastSwiftUpdateCheck = 1430;
				LastUpgradeCheck = 1430;
				TargetAttributes = {
					AB013B662A7CFE5B00F5EB38 = {
						CreatedOnToolsVersion = 14.3;
					};
				};
			};
			buildConfigurationList = AB013B622A7CFE5B00F5EB38 /* Build configuration list for PBXProject "Picker Permission" */;
			compatibilityVersion = "Xcode 14.0";
			developmentRegion = en;
			hasScannedForEncodings = 0;
			knownRegions = (
				en,
				Base,
			);
			mainGroup = AB013B5E2A7CFE5B00F5EB38;
			productRefGroup = AB013B682A7CFE5B00F5EB38 /* Products */;
			projectDirPath = "";
			projectRoot = "";
			targets = (
				AB013B662A7CFE5B00F5EB38 /* Picker Permission */,
			);
		};
/* End PBXProject section */

/* Begin PBXResourcesBuildPhase section */
		AB013B652A7CFE5B00F5EB38 /* Resources */ = {
			isa = PBXResourcesBuildPhase;
			buildActionMask = 2147483647;
			files = (
				AB013B772A7CFE5C00F5EB38 /* LaunchScreen.storyboard in Resources */,
				AB013B742A7CFE5C00F5EB38 /* Assets.xcassets in Resources */,
				AB013B722A7CFE5B00F5EB38 /* Main.storyboard in Resources */,
			);
			runOnlyForDeploymentPostprocessing = 0;
		};
/* End PBXResourcesBuildPhase section */

/* Begin PBXSourcesBuildPhase section */
		AB013B632A7CFE5B00F5EB38 /* Sources */ = {
			isa = PBXSourcesBuildPhase;
			buildActionMask = 2147483647;
			files = (
				AB013B6F2A7CFE5B00F5EB38 /* HomeViewController.swift in Sources */,
				AB013B6B2A7CFE5B00F5EB38 /* AppDelegate.swift in Sources */,
				AB8CAEC32A7D3C1000C9CCF8 /* GalleryViewController.swift in Sources */,
				AB8CAECB2A7D3FAA00C9CCF8 /* RecordViewController.swift in Sources */,
				AB5473182A7D029200068E7F /* NotificationViewController.swift in Sources */,
				AB013B6D2A7CFE5B00F5EB38 /* SceneDelegate.swift in Sources */,
				ABB3643E2A7F1D86001F4AA2 /* NotificationHelper.swift in Sources */,
				AB8CAEC52A7D3D7B00C9CCF8 /* CameraViewController.swift in Sources */,
				AB8CAEC72A7D3E3600C9CCF8 /* FileViewController.swift in Sources */,
				AB8CAEC92A7D3EDD00C9CCF8 /* LocationViewController.swift in Sources */,
			);
			runOnlyForDeploymentPostprocessing = 0;
		};
/* End PBXSourcesBuildPhase section */

/* Begin PBXVariantGroup section */
		AB013B702A7CFE5B00F5EB38 /* Main.storyboard */ = {
			isa = PBXVariantGroup;
			children = (
				AB013B712A7CFE5B00F5EB38 /* Base */,
			);
			name = Main.storyboard;
			sourceTree = "<group>";
		};
		AB013B752A7CFE5C00F5EB38 /* LaunchScreen.storyboard */ = {
			isa = PBXVariantGroup;
			children = (
				AB013B762A7CFE5C00F5EB38 /* Base */,
			);
			name = LaunchScreen.storyboard;
			sourceTree = "<group>";
		};
/* End PBXVariantGroup section */

/* Begin XCBuildConfiguration section */
		AB013B792A7CFE5C00F5EB38 /* Debug */ = {
			isa = XCBuildConfiguration;
			buildSettings = {
				ALWAYS_SEARCH_USER_PATHS = NO;
				CLANG_ANALYZER_NONNULL = YES;
				CLANG_ANALYZER_NUMBER_OBJECT_CONVERSION = YES_AGGRESSIVE;
				CLANG_CXX_LANGUAGE_STANDARD = "gnu++20";
				CLANG_ENABLE_MODULES = YES;
				CLANG_ENABLE_OBJC_ARC = YES;
				CLANG_ENABLE_OBJC_WEAK = YES;
				CLANG_WARN_BLOCK_CAPTURE_AUTORELEASING = YES;
				CLANG_WARN_BOOL_CONVERSION = YES;
				CLANG_WARN_COMMA = YES;
				CLANG_WARN_CONSTANT_CONVERSION = YES;
				CLANG_WARN_DEPRECATED_OBJC_IMPLEMENTATIONS = YES;
				CLANG_WARN_DIRECT_OBJC_ISA_USAGE = YES_ERROR;
				CLANG_WARN_DOCUMENTATION_COMMENTS = YES;
				CLANG_WARN_EMPTY_BODY = YES;
				CLANG_WARN_ENUM_CONVERSION = YES;
				CLANG_WARN_INFINITE_RECURSION = YES;
				CLANG_WARN_INT_CONVERSION = YES;
				CLANG_WARN_NON_LITERAL_NULL_CONVERSION = YES;
				CLANG_WARN_OBJC_IMPLICIT_RETAIN_SELF = YES;
				CLANG_WARN_OBJC_LITERAL_CONVERSION = YES;
				CLANG_WARN_OBJC_ROOT_CLASS = YES_ERROR;
				CLANG_WARN_QUOTED_INCLUDE_IN_FRAMEWORK_HEADER = YES;
				CLANG_WARN_RANGE_LOOP_ANALYSIS = YES;
				CLANG_WARN_STRICT_PROTOTYPES = YES;
				CLANG_WARN_SUSPICIOUS_MOVE = YES;
				CLANG_WARN_UNGUARDED_AVAILABILITY = YES_AGGRESSIVE;
				CLANG_WARN_UNREACHABLE_CODE = YES;
				CLANG_WARN__DUPLICATE_METHOD_MATCH = YES;
				COPY_PHASE_STRIP = NO;
				DEBUG_INFORMATION_FORMAT = dwarf;
				ENABLE_STRICT_OBJC_MSGSEND = YES;
				ENABLE_TESTABILITY = YES;
				GCC_C_LANGUAGE_STANDARD = gnu11;
				GCC_DYNAMIC_NO_PIC = NO;
				GCC_NO_COMMON_BLOCKS = YES;
				GCC_OPTIMIZATION_LEVEL = 0;
				GCC_PREPROCESSOR_DEFINITIONS = (
					"DEBUG=1",
					"$(inherited)",
				);
				GCC_WARN_64_TO_32_BIT_CONVERSION = YES;
				GCC_WARN_ABOUT_RETURN_TYPE = YES_ERROR;
				GCC_WARN_UNDECLARED_SELECTOR = YES;
				GCC_WARN_UNINITIALIZED_AUTOS = YES_AGGRESSIVE;
				GCC_WARN_UNUSED_FUNCTION = YES;
				GCC_WARN_UNUSED_VARIABLE = YES;
				IPHONEOS_DEPLOYMENT_TARGET = 16.4;
				MTL_ENABLE_DEBUG_INFO = INCLUDE_SOURCE;
				MTL_FAST_MATH = YES;
				ONLY_ACTIVE_ARCH = YES;
				SDKROOT = iphoneos;
				SWIFT_ACTIVE_COMPILATION_CONDITIONS = DEBUG;
				SWIFT_OPTIMIZATION_LEVEL = "-Onone";
			};
			name = Debug;
		};
		AB013B7A2A7CFE5C00F5EB38 /* Release */ = {
			isa = XCBuildConfiguration;
			buildSettings = {
				ALWAYS_SEARCH_USER_PATHS = NO;
				CLANG_ANALYZER_NONNULL = YES;
				CLANG_ANALYZER_NUMBER_OBJECT_CONVERSION = YES_AGGRESSIVE;
				CLANG_CXX_LANGUAGE_STANDARD = "gnu++20";
				CLANG_ENABLE_MODULES = YES;
				CLANG_ENABLE_OBJC_ARC = YES;
				CLANG_ENABLE_OBJC_WEAK = YES;
				CLANG_WARN_BLOCK_CAPTURE_AUTORELEASING = YES;
				CLANG_WARN_BOOL_CONVERSION = YES;
				CLANG_WARN_COMMA = YES;
				CLANG_WARN_CONSTANT_CONVERSION = YES;
				CLANG_WARN_DEPRECATED_OBJC_IMPLEMENTATIONS = YES;
				CLANG_WARN_DIRECT_OBJC_ISA_USAGE = YES_ERROR;
				CLANG_WARN_DOCUMENTATION_COMMENTS = YES;
				CLANG_WARN_EMPTY_BODY = YES;
				CLANG_WARN_ENUM_CONVERSION = YES;
				CLANG_WARN_INFINITE_RECURSION = YES;
				CLANG_WARN_INT_CONVERSION = YES;
				CLANG_WARN_NON_LITERAL_NULL_CONVERSION = YES;
				CLANG_WARN_OBJC_IMPLICIT_RETAIN_SELF = YES;
				CLANG_WARN_OBJC_LITERAL_CONVERSION = YES;
				CLANG_WARN_OBJC_ROOT_CLASS = YES_ERROR;
				CLANG_WARN_QUOTED_INCLUDE_IN_FRAMEWORK_HEADER = YES;
				CLANG_WARN_RANGE_LOOP_ANALYSIS = YES;
				CLANG_WARN_STRICT_PROTOTYPES = YES;
				CLANG_WARN_SUSPICIOUS_MOVE = YES;
				CLANG_WARN_UNGUARDED_AVAILABILITY = YES_AGGRESSIVE;
				CLANG_WARN_UNREACHABLE_CODE = YES;
				CLANG_WARN__DUPLICATE_METHOD_MATCH = YES;
				COPY_PHASE_STRIP = NO;
				DEBUG_INFORMATION_FORMAT = "dwarf-with-dsym";
				ENABLE_NS_ASSERTIONS = NO;
				ENABLE_STRICT_OBJC_MSGSEND = YES;
				GCC_C_LANGUAGE_STANDARD = gnu11;
				GCC_NO_COMMON_BLOCKS = YES;
				GCC_WARN_64_TO_32_BIT_CONVERSION = YES;
				GCC_WARN_ABOUT_RETURN_TYPE = YES_ERROR;
				GCC_WARN_UNDECLARED_SELECTOR = YES;
				GCC_WARN_UNINITIALIZED_AUTOS = YES_AGGRESSIVE;
				GCC_WARN_UNUSED_FUNCTION = YES;
				GCC_WARN_UNUSED_VARIABLE = YES;
				IPHONEOS_DEPLOYMENT_TARGET = 16.4;
				MTL_ENABLE_DEBUG_INFO = NO;
				MTL_FAST_MATH = YES;
				SDKROOT = iphoneos;
				SWIFT_COMPILATION_MODE = wholemodule;
				SWIFT_OPTIMIZATION_LEVEL = "-O";
				VALIDATE_PRODUCT = YES;
			};
			name = Release;
		};
		AB013B7C2A7CFE5C00F5EB38 /* Debug */ = {
			isa = XCBuildConfiguration;
			buildSettings = {
				ASSETCATALOG_COMPILER_APPICON_NAME = AppIcon;
				ASSETCATALOG_COMPILER_GLOBAL_ACCENT_COLOR_NAME = AccentColor;
				CODE_SIGN_STYLE = Automatic;
				CURRENT_PROJECT_VERSION = 1;
				GENERATE_INFOPLIST_FILE = YES;
				INFOPLIST_FILE = "Picker Permission/Info.plist";
				INFOPLIST_KEY_UIApplicationSupportsIndirectInputEvents = YES;
				INFOPLIST_KEY_UILaunchStoryboardName = LaunchScreen;
				INFOPLIST_KEY_UIMainStoryboardFile = Main;
				INFOPLIST_KEY_UISupportedInterfaceOrientations_iPad = "UIInterfaceOrientationPortrait UIInterfaceOrientationPortraitUpsideDown UIInterfaceOrientationLandscapeLeft UIInterfaceOrientationLandscapeRight";
				INFOPLIST_KEY_UISupportedInterfaceOrientations_iPhone = "UIInterfaceOrientationPortrait UIInterfaceOrientationLandscapeLeft UIInterfaceOrientationLandscapeRight";
				IPHONEOS_DEPLOYMENT_TARGET = 16.0;
				LD_RUNPATH_SEARCH_PATHS = (
					"$(inherited)",
					"@executable_path/Frameworks",
				);
				MARKETING_VERSION = 1.0.0;
				PRODUCT_BUNDLE_IDENTIFIER = "com.yoesuv.Picker-Permission";
				PRODUCT_NAME = "$(TARGET_NAME)";
				SWIFT_EMIT_LOC_STRINGS = YES;
				SWIFT_VERSION = 5.0;
				TARGETED_DEVICE_FAMILY = "1,2";
			};
			name = Debug;
		};
		AB013B7D2A7CFE5C00F5EB38 /* Release */ = {
			isa = XCBuildConfiguration;
			buildSettings = {
				ASSETCATALOG_COMPILER_APPICON_NAME = AppIcon;
				ASSETCATALOG_COMPILER_GLOBAL_ACCENT_COLOR_NAME = AccentColor;
				CODE_SIGN_STYLE = Automatic;
				CURRENT_PROJECT_VERSION = 1;
				GENERATE_INFOPLIST_FILE = YES;
				INFOPLIST_FILE = "Picker Permission/Info.plist";
				INFOPLIST_KEY_UIApplicationSupportsIndirectInputEvents = YES;
				INFOPLIST_KEY_UILaunchStoryboardName = LaunchScreen;
				INFOPLIST_KEY_UIMainStoryboardFile = Main;
				INFOPLIST_KEY_UISupportedInterfaceOrientations_iPad = "UIInterfaceOrientationPortrait UIInterfaceOrientationPortraitUpsideDown UIInterfaceOrientationLandscapeLeft UIInterfaceOrientationLandscapeRight";
				INFOPLIST_KEY_UISupportedInterfaceOrientations_iPhone = "UIInterfaceOrientationPortrait UIInterfaceOrientationLandscapeLeft UIInterfaceOrientationLandscapeRight";
				IPHONEOS_DEPLOYMENT_TARGET = 16.0;
				LD_RUNPATH_SEARCH_PATHS = (
					"$(inherited)",
					"@executable_path/Frameworks",
				);
				MARKETING_VERSION = 1.0.0;
				PRODUCT_BUNDLE_IDENTIFIER = "com.yoesuv.Picker-Permission";
				PRODUCT_NAME = "$(TARGET_NAME)";
				SWIFT_EMIT_LOC_STRINGS = YES;
				SWIFT_VERSION = 5.0;
				TARGETED_DEVICE_FAMILY = "1,2";
			};
			name = Release;
		};
/* End XCBuildConfiguration section */

/* Begin XCConfigurationList section */
		AB013B622A7CFE5B00F5EB38 /* Build configuration list for PBXProject "Picker Permission" */ = {
			isa = XCConfigurationList;
			buildConfigurations = (
				AB013B792A7CFE5C00F5EB38 /* Debug */,
				AB013B7A2A7CFE5C00F5EB38 /* Release */,
			);
			defaultConfigurationIsVisible = 0;
			defaultConfigurationName = Release;
		};
		AB013B7B2A7CFE5C00F5EB38 /* Build configuration list for PBXNativeTarget "Picker Permission" */ = {
			isa = XCConfigurationList;
			buildConfigurations = (
				AB013B7C2A7CFE5C00F5EB38 /* Debug */,
				AB013B7D2A7CFE5C00F5EB38 /* Release */,
			);
			defaultConfigurationIsVisible = 0;
			defaultConfigurationName = Release;
		};
/* End XCConfigurationList section */
	};
	rootObject = AB013B5F2A7CFE5B00F5EB38 /* Project object */;
}
